
Microsoft Visual Studio Solution File, Format Version 12.00
# Visual Studio Version 17
VisualStudioVersion = 17.7.34031.279
MinimumVisualStudioVersion = 10.0.40219.1
Project("{FAE04EC0-301F-11D3-BF4B-00C04F79EFBC}") = "TB_714220040_714220046", "TB_714220040_714220046\TB_714220040_714220046.csproj", "{F798CEC2-09B4-43EB-8AFC-2A5164C70BD8}"
EndProject
Global
	GlobalSection(SolutionConfigurationPlatforms) = preSolution
		Debug|Any CPU = Debug|Any CPU
		Release|Any CPU = Release|Any CPU
	EndGlobalSection
	GlobalSection(ProjectConfigurationPlatforms) = postSolution
		{F798CEC2-09B4-43EB-8AFC-2A5164C70BD8}.Debug|Any CPU.ActiveCfg = Debug|Any CPU
		{F798CEC2-09B4-43EB-8AFC-2A5164C70BD8}.Debug|Any CPU.Build.0 = Debug|Any CPU
		{F798CEC2-09B4-43EB-8AFC-2A5164C70BD8}.Release|Any CPU.ActiveCfg = Release|Any CPU
		{F798CEC2-09B4-43EB-8AFC-2A5164C70BD8}.Release|Any CPU.Build.0 = Release|Any CPU
	EndGlobalSection
	GlobalSection(SolutionProperties) = preSolution
		HideSolutionNode = FALSE
	EndGlobalSection
	GlobalSection(ExtensibilityGlobals) = postSolution
		SolutionGuid = {3DCC868C-44EC-46B4-A8F3-ABCD07F827CD}
	EndGlobalSection
EndGlobal
